// !$*UTF8*$!
{
	archiveVersion = 1;
	classes = {
	};
	objectVersion = 50;
	objects = {

/* Begin PBXBuildFile section */
		CE770B0824E4C6650038E6EE /* CustomControl.swift in Sources */ = {isa = PBXBuildFile; fileRef = CE770B0724E4C6650038E6EE /* CustomControl.swift */; };
		CE770B0A24F062DE0038E6EE /* Shoe.swift in Sources */ = {isa = PBXBuildFile; fileRef = CE770B0924F062DE0038E6EE /* Shoe.swift */; };
		CE770B1224F0DF300038E6EE /* to_do_listTests.swift in Sources */ = {isa = PBXBuildFile; fileRef = CE770B1124F0DF300038E6EE /* to_do_listTests.swift */; };
		CE770B1A24F0E79C0038E6EE /* ShoeTableViewCell.swift in Sources */ = {isa = PBXBuildFile; fileRef = CE770B1924F0E79C0038E6EE /* ShoeTableViewCell.swift */; };
		CE770B1C24F0ED1D0038E6EE /* ShoeTableViewController.swift in Sources */ = {isa = PBXBuildFile; fileRef = CE770B1B24F0ED1D0038E6EE /* ShoeTableViewController.swift */; };
		CEFC7AC024D0B8CD007B4A70 /* AppDelegate.swift in Sources */ = {isa = PBXBuildFile; fileRef = CEFC7ABF24D0B8CD007B4A70 /* AppDelegate.swift */; };
		CEFC7AC224D0B8CD007B4A70 /* SceneDelegate.swift in Sources */ = {isa = PBXBuildFile; fileRef = CEFC7AC124D0B8CD007B4A70 /* SceneDelegate.swift */; };
		CEFC7AC424D0B8CD007B4A70 /* ShoeViewController.swift in Sources */ = {isa = PBXBuildFile; fileRef = CEFC7AC324D0B8CD007B4A70 /* ShoeViewController.swift */; };
		CEFC7AC724D0B8CD007B4A70 /* Main.storyboard in Resources */ = {isa = PBXBuildFile; fileRef = CEFC7AC524D0B8CD007B4A70 /* Main.storyboard */; };
		CEFC7AC924D0B8CD007B4A70 /* Assets.xcassets in Resources */ = {isa = PBXBuildFile; fileRef = CEFC7AC824D0B8CD007B4A70 /* Assets.xcassets */; };
		CEFC7ACC24D0B8CD007B4A70 /* LaunchScreen.storyboard in Resources */ = {isa = PBXBuildFile; fileRef = CEFC7ACA24D0B8CD007B4A70 /* LaunchScreen.storyboard */; };
/* End PBXBuildFile section */

/* Begin PBXContainerItemProxy section */
		CE770B1424F0DF300038E6EE /* PBXContainerItemProxy */ = {
			isa = PBXContainerItemProxy;
			containerPortal = CEFC7AB424D0B8CD007B4A70 /* Project object */;
			proxyType = 1;
			remoteGlobalIDString = CEFC7ABB24D0B8CD007B4A70;
			remoteInfo = "to-do_list";
		};
/* End PBXContainerItemProxy section */

/* Begin PBXFileReference section */
		CE770B0724E4C6650038E6EE /* CustomControl.swift */ = {isa = PBXFileReference; lastKnownFileType = sourcecode.swift; path = CustomControl.swift; sourceTree = "<group>"; };
		CE770B0924F062DE0038E6EE /* Shoe.swift */ = {isa = PBXFileReference; lastKnownFileType = sourcecode.swift; path = Shoe.swift; sourceTree = "<group>"; };
		CE770B0F24F0DF300038E6EE /* to-do_listTests.xctest */ = {isa = PBXFileReference; explicitFileType = wrapper.cfbundle; includeInIndex = 0; path = "to-do_listTests.xctest"; sourceTree = BUILT_PRODUCTS_DIR; };
		CE770B1124F0DF300038E6EE /* to_do_listTests.swift */ = {isa = PBXFileReference; lastKnownFileType = sourcecode.swift; path = to_do_listTests.swift; sourceTree = "<group>"; };
		CE770B1324F0DF300038E6EE /* Info.plist */ = {isa = PBXFileReference; lastKnownFileType = text.plist.xml; path = Info.plist; sourceTree = "<group>"; };
		CE770B1924F0E79C0038E6EE /* ShoeTableViewCell.swift */ = {isa = PBXFileReference; lastKnownFileType = sourcecode.swift; path = ShoeTableViewCell.swift; sourceTree = "<group>"; };
		CE770B1B24F0ED1D0038E6EE /* ShoeTableViewController.swift */ = {isa = PBXFileReference; lastKnownFileType = sourcecode.swift; path = ShoeTableViewController.swift; sourceTree = "<group>"; };
		CEFC7ABC24D0B8CD007B4A70 /* to-do_list.app */ = {isa = PBXFileReference; explicitFileType = wrapper.application; includeInIndex = 0; path = "to-do_list.app"; sourceTree = BUILT_PRODUCTS_DIR; };
		CEFC7ABF24D0B8CD007B4A70 /* AppDelegate.swift */ = {isa = PBXFileReference; lastKnownFileType = sourcecode.swift; path = AppDelegate.swift; sourceTree = "<group>"; };
		CEFC7AC124D0B8CD007B4A70 /* SceneDelegate.swift */ = {isa = PBXFileReference; lastKnownFileType = sourcecode.swift; path = SceneDelegate.swift; sourceTree = "<group>"; };
		CEFC7AC324D0B8CD007B4A70 /* ShoeViewController.swift */ = {isa = PBXFileReference; lastKnownFileType = sourcecode.swift; path = ShoeViewController.swift; sourceTree = "<group>"; };
		CEFC7AC624D0B8CD007B4A70 /* Base */ = {isa = PBXFileReference; lastKnownFileType = file.storyboard; name = Base; path = Base.lproj/Main.storyboard; sourceTree = "<group>"; };
		CEFC7AC824D0B8CD007B4A70 /* Assets.xcassets */ = {isa = PBXFileReference; lastKnownFileType = folder.assetcatalog; path = Assets.xcassets; sourceTree = "<group>"; };
		CEFC7ACB24D0B8CD007B4A70 /* Base */ = {isa = PBXFileReference; lastKnownFileType = file.storyboard; name = Base; path = Base.lproj/LaunchScreen.storyboard; sourceTree = "<group>"; };
		CEFC7ACD24D0B8CD007B4A70 /* Info.plist */ = {isa = PBXFileReference; lastKnownFileType = text.plist.xml; path = Info.plist; sourceTree = "<group>"; };
/* End PBXFileReference section */

/* Begin PBXFrameworksBuildPhase section */
		CE770B0C24F0DF300038E6EE /* Frameworks */ = {
			isa = PBXFrameworksBuildPhase;
			buildActionMask = 2147483647;
			files = (
			);
			runOnlyForDeploymentPostprocessing = 0;
		};
		CEFC7AB924D0B8CD007B4A70 /* Frameworks */ = {
			isa = PBXFrameworksBuildPhase;
			buildActionMask = 2147483647;
			files = (
			);
			runOnlyForDeploymentPostprocessing = 0;
		};
/* End PBXFrameworksBuildPhase section */

/* Begin PBXGroup section */
		CE770B1024F0DF300038E6EE /* to-do_listTests */ = {
			isa = PBXGroup;
			children = (
				CE770B1124F0DF300038E6EE /* to_do_listTests.swift */,
				CE770B1324F0DF300038E6EE /* Info.plist */,
			);
			path = "to-do_listTests";
			sourceTree = "<group>";
		};
		CEFC7AB324D0B8CD007B4A70 = {
			isa = PBXGroup;
			children = (
				CEFC7ABE24D0B8CD007B4A70 /* to-do_list */,
				CE770B1024F0DF300038E6EE /* to-do_listTests */,
				CEFC7ABD24D0B8CD007B4A70 /* Products */,
			);
			sourceTree = "<group>";
		};
		CEFC7ABD24D0B8CD007B4A70 /* Products */ = {
			isa = PBXGroup;
			children = (
				CEFC7ABC24D0B8CD007B4A70 /* to-do_list.app */,
				CE770B0F24F0DF300038E6EE /* to-do_listTests.xctest */,
			);
			name = Products;
			sourceTree = "<group>";
		};
		CEFC7ABE24D0B8CD007B4A70 /* to-do_list */ = {
			isa = PBXGroup;
			children = (
				CE770B1924F0E79C0038E6EE /* ShoeTableViewCell.swift */,
				CE770B0924F062DE0038E6EE /* Shoe.swift */,
				CE770B0724E4C6650038E6EE /* CustomControl.swift */,
				CEFC7ABF24D0B8CD007B4A70 /* AppDelegate.swift */,
				CEFC7AC124D0B8CD007B4A70 /* SceneDelegate.swift */,
				CE770B1B24F0ED1D0038E6EE /* ShoeTableViewController.swift */,
				CEFC7AC324D0B8CD007B4A70 /* ShoeViewController.swift */,
				CEFC7AC524D0B8CD007B4A70 /* Main.storyboard */,
				CEFC7AC824D0B8CD007B4A70 /* Assets.xcassets */,
				CEFC7ACA24D0B8CD007B4A70 /* LaunchScreen.storyboard */,
				CEFC7ACD24D0B8CD007B4A70 /* Info.plist */,
			);
			path = "to-do_list";
			sourceTree = "<group>";
		};
/* End PBXGroup section */

/* Begin PBXNativeTarget section */
		CE770B0E24F0DF300038E6EE /* to-do_listTests */ = {
			isa = PBXNativeTarget;
			buildConfigurationList = CE770B1624F0DF300038E6EE /* Build configuration list for PBXNativeTarget "to-do_listTests" */;
			buildPhases = (
				CE770B0B24F0DF300038E6EE /* Sources */,
				CE770B0C24F0DF300038E6EE /* Frameworks */,
				CE770B0D24F0DF300038E6EE /* Resources */,
			);
			buildRules = (
			);
			dependencies = (
				CE770B1524F0DF300038E6EE /* PBXTargetDependency */,
			);
			name = "to-do_listTests";
			productName = "to-do_listTests";
			productReference = CE770B0F24F0DF300038E6EE /* to-do_listTests.xctest */;
			productType = "com.apple.product-type.bundle.unit-test";
		};
		CEFC7ABB24D0B8CD007B4A70 /* to-do_list */ = {
			isa = PBXNativeTarget;
			buildConfigurationList = CEFC7AD024D0B8CD007B4A70 /* Build configuration list for PBXNativeTarget "to-do_list" */;
			buildPhases = (
				CEFC7AB824D0B8CD007B4A70 /* Sources */,
				CEFC7AB924D0B8CD007B4A70 /* Frameworks */,
				CEFC7ABA24D0B8CD007B4A70 /* Resources */,
			);
			buildRules = (
			);
			dependencies = (
			);
			name = "to-do_list";
			productName = "to-do_list";
			productReference = CEFC7ABC24D0B8CD007B4A70 /* to-do_list.app */;
			productType = "com.apple.product-type.application";
		};
/* End PBXNativeTarget section */

/* Begin PBXProject section */
		CEFC7AB424D0B8CD007B4A70 /* Project object */ = {
			isa = PBXProject;
			attributes = {
				LastSwiftUpdateCheck = 1160;
				LastUpgradeCheck = 1160;
				ORGANIZATIONNAME = aaronhertner;
				TargetAttributes = {
					CE770B0E24F0DF300038E6EE = {
						CreatedOnToolsVersion = 11.6;
						TestTargetID = CEFC7ABB24D0B8CD007B4A70;
					};
					CEFC7ABB24D0B8CD007B4A70 = {
						CreatedOnToolsVersion = 11.6;
					};
				};
			};
			buildConfigurationList = CEFC7AB724D0B8CD007B4A70 /* Build configuration list for PBXProject "to-do_list" */;
			compatibilityVersion = "Xcode 9.3";
			developmentRegion = en;
			hasScannedForEncodings = 0;
			knownRegions = (
				en,
				Base,
			);
			mainGroup = CEFC7AB324D0B8CD007B4A70;
			productRefGroup = CEFC7ABD24D0B8CD007B4A70 /* Products */;
			projectDirPath = "";
			projectRoot = "";
			targets = (
				CEFC7ABB24D0B8CD007B4A70 /* to-do_list */,
				CE770B0E24F0DF300038E6EE /* to-do_listTests */,
			);
		};
/* End PBXProject section */

/* Begin PBXResourcesBuildPhase section */
		CE770B0D24F0DF300038E6EE /* Resources */ = {
			isa = PBXResourcesBuildPhase;
			buildActionMask = 2147483647;
			files = (
			);
			runOnlyForDeploymentPostprocessing = 0;
		};
		CEFC7ABA24D0B8CD007B4A70 /* Resources */ = {
			isa = PBXResourcesBuildPhase;
			buildActionMask = 2147483647;
			files = (
				CEFC7ACC24D0B8CD007B4A70 /* LaunchScreen.storyboard in Resources */,
				CEFC7AC924D0B8CD007B4A70 /* Assets.xcassets in Resources */,
				CEFC7AC724D0B8CD007B4A70 /* Main.storyboard in Resources */,
			);
			runOnlyForDeploymentPostprocessing = 0;
		};
/* End PBXResourcesBuildPhase section */

/* Begin PBXSourcesBuildPhase section */
		CE770B0B24F0DF300038E6EE /* Sources */ = {
			isa = PBXSourcesBuildPhase;
			buildActionMask = 2147483647;
			files = (
				CE770B1224F0DF300038E6EE /* to_do_listTests.swift in Sources */,
			);
			runOnlyForDeploymentPostprocessing = 0;
		};
		CEFC7AB824D0B8CD007B4A70 /* Sources */ = {
			isa = PBXSourcesBuildPhase;
			buildActionMask = 2147483647;
			files = (
				CE770B1A24F0E79C0038E6EE /* ShoeTableViewCell.swift in Sources */,
				CEFC7AC424D0B8CD007B4A70 /* ShoeViewController.swift in Sources */,
				CE770B1C24F0ED1D0038E6EE /* ShoeTableViewController.swift in Sources */,
				CEFC7AC024D0B8CD007B4A70 /* AppDelegate.swift in Sources */,
				CE770B0824E4C6650038E6EE /* CustomControl.swift in Sources */,
				CE770B0A24F062DE0038E6EE /* Shoe.swift in Sources */,
				CEFC7AC224D0B8CD007B4A70 /* SceneDelegate.swift in Sources */,
			);
			runOnlyForDeploymentPostprocessing = 0;
		};
/* End PBXSourcesBuildPhase section */

/* Begin PBXTargetDependency section */
		CE770B1524F0DF300038E6EE /* PBXTargetDependency */ = {
			isa = PBXTargetDependency;
			target = CEFC7ABB24D0B8CD007B4A70 /* to-do_list */;
			targetProxy = CE770B1424F0DF300038E6EE /* PBXContainerItemProxy */;
		};
/* End PBXTargetDependency section */

/* Begin PBXVariantGroup section */
		CEFC7AC524D0B8CD007B4A70 /* Main.storyboard */ = {
			isa = PBXVariantGroup;
			children = (
				CEFC7AC624D0B8CD007B4A70 /* Base */,
			);
			name = Main.storyboard;
			sourceTree = "<group>";
		};
		CEFC7ACA24D0B8CD007B4A70 /* LaunchScreen.storyboard */ = {
			isa = PBXVariantGroup;
			children = (
				CEFC7ACB24D0B8CD007B4A70 /* Base */,
			);
			name = LaunchScreen.storyboard;
			sourceTree = "<group>";
		};
/* End PBXVariantGroup section */

/* Begin XCBuildConfiguration section */
		CE770B1724F0DF300038E6EE /* Debug */ = {
			isa = XCBuildConfiguration;
			buildSettings = {
				BUNDLE_LOADER = "$(TEST_HOST)";
				CODE_SIGN_STYLE = Automatic;
				INFOPLIST_FILE = "to-do_listTests/Info.plist";
				LD_RUNPATH_SEARCH_PATHS = (
					"$(inherited)",
					"@executable_path/Frameworks",
					"@loader_path/Frameworks",
				);
				PRODUCT_BUNDLE_IDENTIFIER = "com.aaronhertner.to-do-listTests";
				PRODUCT_NAME = "$(TARGET_NAME)";
				SWIFT_VERSION = 5.0;
				TARGETED_DEVICE_FAMILY = "1,2";
				TEST_HOST = "$(BUILT_PRODUCTS_DIR)/to-do_list.app/to-do_list";
			};
			name = Debug;
		};
		CE770B1824F0DF300038E6EE /* Release */ = {
			isa = XCBuildConfiguration;
			buildSettings = {
				BUNDLE_LOADER = "$(TEST_HOST)";
				CODE_SIGN_STYLE = Automatic;
				INFOPLIST_FILE = "to-do_listTests/Info.plist";
				LD_RUNPATH_SEARCH_PATHS = (
					"$(inherited)",
					"@executable_path/Frameworks",
					"@loader_path/Frameworks",
				);
				PRODUCT_BUNDLE_IDENTIFIER = "com.aaronhertner.to-do-listTests";
				PRODUCT_NAME = "$(TARGET_NAME)";
				SWIFT_VERSION = 5.0;
				TARGETED_DEVICE_FAMILY = "1,2";
				TEST_HOST = "$(BUILT_PRODUCTS_DIR)/to-do_list.app/to-do_list";
			};
			name = Release;
		};
		CEFC7ACE24D0B8CD007B4A70 /* Debug */ = {
			isa = XCBuildConfiguration;
			buildSettings = {
				ALWAYS_SEARCH_USER_PATHS = NO;
				CLANG_ANALYZER_NONNULL = YES;
				CLANG_ANALYZER_NUMBER_OBJECT_CONVERSION = YES_AGGRESSIVE;
				CLANG_CXX_LANGUAGE_STANDARD = "gnu++14";
				CLANG_CXX_LIBRARY = "libc++";
				CLANG_ENABLE_MODULES = YES;
				CLANG_ENABLE_OBJC_ARC = YES;
				CLANG_ENABLE_OBJC_WEAK = YES;
				CLANG_WARN_BLOCK_CAPTURE_AUTORELEASING = YES;
				CLANG_WARN_BOOL_CONVERSION = YES;
				CLANG_WARN_COMMA = YES;
				CLANG_WARN_CONSTANT_CONVERSION = YES;
				CLANG_WARN_DEPRECATED_OBJC_IMPLEMENTATIONS = YES;
				CLANG_WARN_DIRECT_OBJC_ISA_USAGE = YES_ERROR;
				CLANG_WARN_DOCUMENTATION_COMMENTS = YES;
				CLANG_WARN_EMPTY_BODY = YES;
				CLANG_WARN_ENUM_CONVERSION = YES;
				CLANG_WARN_INFINITE_RECURSION = YES;
				CLANG_WARN_INT_CONVERSION = YES;
				CLANG_WARN_NON_LITERAL_NULL_CONVERSION = YES;
				CLANG_WARN_OBJC_IMPLICIT_RETAIN_SELF = YES;
				CLANG_WARN_OBJC_LITERAL_CONVERSION = YES;
				CLANG_WARN_OBJC_ROOT_CLASS = YES_ERROR;
				CLANG_WARN_RANGE_LOOP_ANALYSIS = YES;
				CLANG_WARN_STRICT_PROTOTYPES = YES;
				CLANG_WARN_SUSPICIOUS_MOVE = YES;
				CLANG_WARN_UNGUARDED_AVAILABILITY = YES_AGGRESSIVE;
				CLANG_WARN_UNREACHABLE_CODE = YES;
				CLANG_WARN__DUPLICATE_METHOD_MATCH = YES;
				COPY_PHASE_STRIP = NO;
				DEBUG_INFORMATION_FORMAT = dwarf;
				ENABLE_STRICT_OBJC_MSGSEND = YES;
				ENABLE_TESTABILITY = YES;
				GCC_C_LANGUAGE_STANDARD = gnu11;
				GCC_DYNAMIC_NO_PIC = NO;
				GCC_NO_COMMON_BLOCKS = YES;
				GCC_OPTIMIZATION_LEVEL = 0;
				GCC_PREPROCESSOR_DEFINITIONS = (
					"DEBUG=1",
					"$(inherited)",
				);
				GCC_WARN_64_TO_32_BIT_CONVERSION = YES;
				GCC_WARN_ABOUT_RETURN_TYPE = YES_ERROR;
				GCC_WARN_UNDECLARED_SELECTOR = YES;
				GCC_WARN_UNINITIALIZED_AUTOS = YES_AGGRESSIVE;
				GCC_WARN_UNUSED_FUNCTION = YES;
				GCC_WARN_UNUSED_VARIABLE = YES;
				IPHONEOS_DEPLOYMENT_TARGET = 13.6;
				MTL_ENABLE_DEBUG_INFO = INCLUDE_SOURCE;
				MTL_FAST_MATH = YES;
				ONLY_ACTIVE_ARCH = YES;
				SDKROOT = iphoneos;
				SWIFT_ACTIVE_COMPILATION_CONDITIONS = DEBUG;
				SWIFT_OPTIMIZATION_LEVEL = "-Onone";
			};
			name = Debug;
		};
		CEFC7ACF24D0B8CD007B4A70 /* Release */ = {
			isa = XCBuildConfiguration;
			buildSettings = {
				ALWAYS_SEARCH_USER_PATHS = NO;
				CLANG_ANALYZER_NONNULL = YES;
				CLANG_ANALYZER_NUMBER_OBJECT_CONVERSION = YES_AGGRESSIVE;
				CLANG_CXX_LANGUAGE_STANDARD = "gnu++14";
				CLANG_CXX_LIBRARY = "libc++";
				CLANG_ENABLE_MODULES = YES;
				CLANG_ENABLE_OBJC_ARC = YES;
				CLANG_ENABLE_OBJC_WEAK = YES;
				CLANG_WARN_BLOCK_CAPTURE_AUTORELEASING = YES;
				CLANG_WARN_BOOL_CONVERSION = YES;
				CLANG_WARN_COMMA = YES;
				CLANG_WARN_CONSTANT_CONVERSION = YES;
				CLANG_WARN_DEPRECATED_OBJC_IMPLEMENTATIONS = YES;
				CLANG_WARN_DIRECT_OBJC_ISA_USAGE = YES_ERROR;
				CLANG_WARN_DOCUMENTATION_COMMENTS = YES;
				CLANG_WARN_EMPTY_BODY = YES;
				CLANG_WARN_ENUM_CONVERSION = YES;
				CLANG_WARN_INFINITE_RECURSION = YES;
				CLANG_WARN_INT_CONVERSION = YES;
				CLANG_WARN_NON_LITERAL_NULL_CONVERSION = YES;
				CLANG_WARN_OBJC_IMPLICIT_RETAIN_SELF = YES;
				CLANG_WARN_OBJC_LITERAL_CONVERSION = YES;
				CLANG_WARN_OBJC_ROOT_CLASS = YES_ERROR;
				CLANG_WARN_RANGE_LOOP_ANALYSIS = YES;
				CLANG_WARN_STRICT_PROTOTYPES = YES;
				CLANG_WARN_SUSPICIOUS_MOVE = YES;
				CLANG_WARN_UNGUARDED_AVAILABILITY = YES_AGGRESSIVE;
				CLANG_WARN_UNREACHABLE_CODE = YES;
				CLANG_WARN__DUPLICATE_METHOD_MATCH = YES;
				COPY_PHASE_STRIP = NO;
				DEBUG_INFORMATION_FORMAT = "dwarf-with-dsym";
				ENABLE_NS_ASSERTIONS = NO;
				ENABLE_STRICT_OBJC_MSGSEND = YES;
				GCC_C_LANGUAGE_STANDARD = gnu11;
				GCC_NO_COMMON_BLOCKS = YES;
				GCC_WARN_64_TO_32_BIT_CONVERSION = YES;
				GCC_WARN_ABOUT_RETURN_TYPE = YES_ERROR;
				GCC_WARN_UNDECLARED_SELECTOR = YES;
				GCC_WARN_UNINITIALIZED_AUTOS = YES_AGGRESSIVE;
				GCC_WARN_UNUSED_FUNCTION = YES;
				GCC_WARN_UNUSED_VARIABLE = YES;
				IPHONEOS_DEPLOYMENT_TARGET = 13.6;
				MTL_ENABLE_DEBUG_INFO = NO;
				MTL_FAST_MATH = YES;
				SDKROOT = iphoneos;
				SWIFT_COMPILATION_MODE = wholemodule;
				SWIFT_OPTIMIZATION_LEVEL = "-O";
				VALIDATE_PRODUCT = YES;
			};
			name = Release;
		};
		CEFC7AD124D0B8CD007B4A70 /* Debug */ = {
			isa = XCBuildConfiguration;
			buildSettings = {
				ASSETCATALOG_COMPILER_APPICON_NAME = AppIcon;
				CODE_SIGN_STYLE = Automatic;
				INFOPLIST_FILE = "to-do_list/Info.plist";
				LD_RUNPATH_SEARCH_PATHS = (
					"$(inherited)",
					"@executable_path/Frameworks",
				);
				PRODUCT_BUNDLE_IDENTIFIER = "com.aaronhertner.to-do-list";
				PRODUCT_NAME = "$(TARGET_NAME)";
				SWIFT_VERSION = 5.0;
				TARGETED_DEVICE_FAMILY = "1,2";
			};
			name = Debug;
		};
		CEFC7AD224D0B8CD007B4A70 /* Release */ = {
			isa = XCBuildConfiguration;
			buildSettings = {
				ASSETCATALOG_COMPILER_APPICON_NAME = AppIcon;
				CODE_SIGN_STYLE = Automatic;
				INFOPLIST_FILE = "to-do_list/Info.plist";
				LD_RUNPATH_SEARCH_PATHS = (
					"$(inherited)",
					"@executable_path/Frameworks",
				);
				PRODUCT_BUNDLE_IDENTIFIER = "com.aaronhertner.to-do-list";
				PRODUCT_NAME = "$(TARGET_NAME)";
				SWIFT_VERSION = 5.0;
				TARGETED_DEVICE_FAMILY = "1,2";
			};
			name = Release;
		};
/* End XCBuildConfiguration section */

/* Begin XCConfigurationList section */
		CE770B1624F0DF300038E6EE /* Build configuration list for PBXNativeTarget "to-do_listTests" */ = {
			isa = XCConfigurationList;
			buildConfigurations = (
				CE770B1724F0DF300038E6EE /* Debug */,
				CE770B1824F0DF300038E6EE /* Release */,
			);
			defaultConfigurationIsVisible = 0;
			defaultConfigurationName = Release;
		};
		CEFC7AB724D0B8CD007B4A70 /* Build configuration list for PBXProject "to-do_list" */ = {
			isa = XCConfigurationList;
			buildConfigurations = (
				CEFC7ACE24D0B8CD007B4A70 /* Debug */,
				CEFC7ACF24D0B8CD007B4A70 /* Release */,
			);
			defaultConfigurationIsVisible = 0;
			defaultConfigurationName = Release;
		};
		CEFC7AD024D0B8CD007B4A70 /* Build configuration list for PBXNativeTarget "to-do_list" */ = {
			isa = XCConfigurationList;
			buildConfigurations = (
				CEFC7AD124D0B8CD007B4A70 /* Debug */,
				CEFC7AD224D0B8CD007B4A70 /* Release */,
			);
			defaultConfigurationIsVisible = 0;
			defaultConfigurationName = Release;
		};
/* End XCConfigurationList section */
	};
	rootObject = CEFC7AB424D0B8CD007B4A70 /* Project object */;
}
